{
    "_meta": {
        "hash": {
            "sha256": "5b659fd5d66d63c6bed0e8c5e821524c60ab67f0238dcca474f2d7732e38d2fb"
        },
        "pipfile-spec": 6,
        "requires": {
            "python_version": "3.7"
        },
        "sources": [
            {
                "name": "pypi",
                "url": "https://pypi.org/simple",
                "verify_ssl": true
            }
        ]
    },
    "default": {
        "flask": {
            "hashes": [
                "sha256:4c83829ff83d408b5e1d4995472265411d2c414112298f2eb4b359d9e4563373"
            ],
            "index": "pypi",
            "version": "==0.10.1"
        },
        "gnureadline": {
            "hashes": [
                "sha256:15518acd534a84d8cd3b2431aeca85132c4892600bf3a64edd76ed265909476c",
                "sha256:59369b0eb7210bdb2acf2940c15a6a9d35c70cde9b6d6c5b5c14b0bfd4fd258a",
                "sha256:59f6265f24631da28e39054cdd3a52cf02422aa2b955b8d8358b99d4425c3a26",
                "sha256:5fe0b973372a6deca9b448178acf8117bc80f0c5113facef0be16712cb98feea",
                "sha256:61eef72ed02dad415ede49752e972a1d2bd8c35c1e4464565d7effd806c99476",
                "sha256:650986355bfdbe767fd7e9ce4df20ac4993f8c3b60f0829b3c1f951ce31be846",
                "sha256:69c9291b6a7bcf768202b78ed1684b515181e20a3cb680b0265da0d6fdc0f697",
                "sha256:88c1adf00fa8b2124751d7a6a4f8701cf8677d5caccdb16f6a6b24b3ae4f97c0",
                "sha256:8c244130b6e31669f76213ddb249c8673b8573214e80829667f17e18abe27487",
                "sha256:e50ae6f49adfc2c89b995a75a0ce2449e553dbd943a4cd1a2d959caccc20247c",
                "sha256:fd7ddef98546f1a97eea2ba2120faff4cb7fd52d43f4a16954b5d5531a23eb3e",
                "sha256:fe9b42d92dcd83071c82a5dbd33e36a287bb021d2e29f65abfe3192bf13a360d"
            ],
            "markers": "sys_platform == 'darwin' and platform_python_implementation == 'CPython'",
            "version": "==8.0.0"
        },
        "ipython": {
            "hashes": [
                "sha256:4a73b60b259123d1403f7b7dc0957c3332e9af96224612172daccb717481cc99",
                "sha256:8a285e2192676b47e3a4d04b51cdfae78f9dba57f2a0994a67f8797387d06995",
                "sha256:b7ca77ba54a02f032055b73f5f62b01431f818ae00f63716b78f881c2b2564e2",
                "sha256:d82693be697858b6fa23cef8303a0f8adf83f539aa03a4db4a3b79bbff67eb4c"
            ],
            "index": "pypi",
            "version": "==2.2.0"
        },
        "itsdangerous": {
            "hashes": [
                "sha256:cbb3fcf8d3e33df861709ecaf89d9e6629cff0a217bc2848f1b41cd30d360519"
            ],
            "index": "pypi",
            "version": "==0.24"
        },
        "jinja2": {
            "hashes": [
                "sha256:5cc0a087a81dca1c08368482fb7a92fe2bdd8cfbb22bc0fccfe6c85affb04c8b"
            ],
            "index": "pypi",
            "version": "==2.7.1"
        },
        "markupsafe": {
            "hashes": [
                "sha256:b7d5d688bdd345bfa897777d297756688cf02e1b3742c56885e2e5c2b996ff82"
            ],
            "index": "pypi",
            "version": "==0.18"
        },
        "pyyaml": {
            "hashes": [
                "sha256:19bb3ac350ef878dda84a62d37c7d5c17a137386dde9c2ce7249c7a21d7f6ac9",
                "sha256:c36c938a872e5ff494938b33b14aaa156cb439ec67548fcab3535bb78b0846e8"
            ],
            "index": "pypi",
            "version": "==3.11"
        },
        "werkzeug": {
            "hashes": [
                "sha256:7f11e7e2e73eb22677cac1b11113eb6106f66cedef13d140e83cf6563c90b79c"
            ],
            "index": "pypi",
            "version": "==0.9.6"
        }
    },
    "develop": {}
}
