{
    "_meta": {
        "hash": {
            "sha256": "5b659fd5d66d63c6bed0e8c5e821524c60ab67f0238dcca474f2d7732e38d2fb"
        },
        "pipfile-spec": 6,
        "requires": {
            "python_version": "3.7"
        },
        "sources": [
            {
                "name": "pypi",
                "url": "https://pypi.org/simple",
                "verify_ssl": true
            }
        ]
    },
    "default": {
        "flask": {
            "hashes": [
                "sha256:4c83829ff83d408b5e1d4995472265411d2c414112298f2eb4b359d9e4563373"
            ],
            "index": "pypi",
            "version": "==0.10.1"
        },
        "gnureadline": {
            "hashes": [
                "sha256:10da0e30e1e014cc5879f63e987e28dd84f7dc6c36bc2e3b170355f9c18ad4e0",
                "sha256:12a38c189020fd60914da7d0d39a98237a6c372d83a229e3166fc259413c4621",
                "sha256:27e0a87edb5c049ac6516a9f2dd55c16fa9e2db95be5e147175c83a9af368df0",
                "sha256:41c53183e57f02a8683b9e72ca8d42141e4a377893612e6aa022f6c969f2143a",
                "sha256:4bf883a08ac02f9bcd3a1991633a774ce8692c4c5855f2e7c557e242c3266353",
                "sha256:58e208ed34a53456ecf58bc11eacbe332c50d322b329457e2c645bd15192b035",
                "sha256:7acd5bafcbfd8d3ad34d35b8aa478513185e6b39ea549991c99b64a0482534e5",
                "sha256:8f4de3f730f99ab01db35caf83b251159b5fe7427cc89630276f664292b4f398",
                "sha256:9e6589f3119c27808630118d2345b601a865d699495bf2929d87401e980b43e6",
                "sha256:cc293089fc76dd7f068db2d8c8d23238ea0181a31feacd11d674e4a20038448d",
                "sha256:faa92b9ea4a64dc8403cf2a0c9dfa839745cfff50e1f04c39dbec908d35e250b"
            ],
            "markers": "sys_platform == 'darwin' and platform_python_implementation == 'CPython'",
            "version": "==6.3.8"
        },
        "ipython": {
            "hashes": [
                "sha256:4a73b60b259123d1403f7b7dc0957c3332e9af96224612172daccb717481cc99",
                "sha256:8a285e2192676b47e3a4d04b51cdfae78f9dba57f2a0994a67f8797387d06995",
                "sha256:b7ca77ba54a02f032055b73f5f62b01431f818ae00f63716b78f881c2b2564e2",
                "sha256:d82693be697858b6fa23cef8303a0f8adf83f539aa03a4db4a3b79bbff67eb4c"
            ],
            "index": "pypi",
            "version": "==2.2.0"
        },
        "itsdangerous": {
            "hashes": [
                "sha256:cbb3fcf8d3e33df861709ecaf89d9e6629cff0a217bc2848f1b41cd30d360519"
            ],
            "index": "pypi",
            "version": "==0.24"
        },
        "jinja2": {
            "hashes": [
                "sha256:5cc0a087a81dca1c08368482fb7a92fe2bdd8cfbb22bc0fccfe6c85affb04c8b"
            ],
            "index": "pypi",
            "version": "==2.7.1"
        },
        "markupsafe": {
            "hashes": [
                "sha256:b7d5d688bdd345bfa897777d297756688cf02e1b3742c56885e2e5c2b996ff82"
            ],
            "index": "pypi",
            "version": "==0.18"
        },
        "pyyaml": {
            "hashes": [
                "sha256:19bb3ac350ef878dda84a62d37c7d5c17a137386dde9c2ce7249c7a21d7f6ac9",
                "sha256:c36c938a872e5ff494938b33b14aaa156cb439ec67548fcab3535bb78b0846e8"
            ],
            "index": "pypi",
            "version": "==3.11"
        },
        "werkzeug": {
            "hashes": [
                "sha256:7f11e7e2e73eb22677cac1b11113eb6106f66cedef13d140e83cf6563c90b79c"
            ],
            "index": "pypi",
            "version": "==0.9.6"
        }
    },
    "develop": {}
}
